
Microsoft Visual Studio Solution File, Format Version 12.00
# Visual Studio Version 17
VisualStudioVersion = 17.6.33815.320
MinimumVisualStudioVersion = 10.0.40219.1
Project("{888888A0-9F3D-457C-B088-3A5042F75D52}") = "DETECCION_ROSTROS", "DETECCION_ROSTROS\DETECCION_ROSTROS.pyproj", "{7EEA30A7-0608-481E-8555-9E298E1DCC85}"
EndProject
Global
	GlobalSection(SolutionConfigurationPlatforms) = preSolution
		Debug|Any CPU = Debug|Any CPU
		Release|Any CPU = Release|Any CPU
	EndGlobalSection
	GlobalSection(ProjectConfigurationPlatforms) = postSolution
		{7EEA30A7-0608-481E-8555-9E298E1DCC85}.Debug|Any CPU.ActiveCfg = Debug|Any CPU
		{7EEA30A7-0608-481E-8555-9E298E1DCC85}.Debug|Any CPU.Build.0 = Debug|Any CPU
		{7EEA30A7-0608-481E-8555-9E298E1DCC85}.Release|Any CPU.ActiveCfg = Release|Any CPU
		{7EEA30A7-0608-481E-8555-9E298E1DCC85}.Release|Any CPU.Build.0 = Release|Any CPU
	EndGlobalSection
	GlobalSection(SolutionProperties) = preSolution
		HideSolutionNode = FALSE
	EndGlobalSection
	GlobalSection(ExtensibilityGlobals) = postSolution
		SolutionGuid = {087A9EF4-8ECC-426B-AF8B-6B59A0083CE0}
	EndGlobalSection
EndGlobal
